// !$*UTF8*$!
{
	archiveVersion = 1;
	classes = {
	};
	objectVersion = 77;
	objects = {

/* Begin PBXContainerItemProxy section */
		6A2A46292E1153CF004AA3DB /* PBXContainerItemProxy */ = {
			isa = PBXContainerItemProxy;
			containerPortal = 6A2A46132E1153CE004AA3DB /* Project object */;
			proxyType = 1;
			remoteGlobalIDString = 6A2A461A2E1153CE004AA3DB;
			remoteInfo = TransparentAccountsApp;
		};
		6A2A46332E1153CF004AA3DB /* PBXContainerItemProxy */ = {
			isa = PBXContainerItemProxy;
			containerPortal = 6A2A46132E1153CE004AA3DB /* Project object */;
			proxyType = 1;
			remoteGlobalIDString = 6A2A461A2E1153CE004AA3DB;
			remoteInfo = TransparentAccountsApp;
		};
/* End PBXContainerItemProxy section */

/* Begin PBXFileReference section */
		6A2A461B2E1153CE004AA3DB /* TransparentAccountsApp.app */ = {isa = PBXFileReference; explicitFileType = wrapper.application; includeInIndex = 0; path = TransparentAccountsApp.app; sourceTree = BUILT_PRODUCTS_DIR; };
		6A2A46282E1153CF004AA3DB /* TransparentAccountsAppTests.xctest */ = {isa = PBXFileReference; explicitFileType = wrapper.cfbundle; includeInIndex = 0; path = TransparentAccountsAppTests.xctest; sourceTree = BUILT_PRODUCTS_DIR; };
		6A2A46322E1153CF004AA3DB /* TransparentAccountsAppUITests.xctest */ = {isa = PBXFileReference; explicitFileType = wrapper.cfbundle; includeInIndex = 0; path = TransparentAccountsAppUITests.xctest; sourceTree = BUILT_PRODUCTS_DIR; };
/* End PBXFileReference section */

/* Begin PBXFileSystemSynchronizedRootGroup section */
		6A2A461D2E1153CE004AA3DB /* TransparentAccountsApp */ = {
			isa = PBXFileSystemSynchronizedRootGroup;
			path = TransparentAccountsApp;
			sourceTree = "<group>";
		};
		6A2A462B2E1153CF004AA3DB /* TransparentAccountsAppTests */ = {
			isa = PBXFileSystemSynchronizedRootGroup;
			path = TransparentAccountsAppTests;
			sourceTree = "<group>";
		};
		6A2A46352E1153CF004AA3DB /* TransparentAccountsAppUITests */ = {
			isa = PBXFileSystemSynchronizedRootGroup;
			path = TransparentAccountsAppUITests;
			sourceTree = "<group>";
		};
/* End PBXFileSystemSynchronizedRootGroup section */

/* Begin PBXFrameworksBuildPhase section */
		6A2A46182E1153CE004AA3DB /* Frameworks */ = {
			isa = PBXFrameworksBuildPhase;
			buildActionMask = 2147483647;
			files = (
			);
			runOnlyForDeploymentPostprocessing = 0;
		};
		6A2A46252E1153CF004AA3DB /* Frameworks */ = {
			isa = PBXFrameworksBuildPhase;
			buildActionMask = 2147483647;
			files = (
			);
			runOnlyForDeploymentPostprocessing = 0;
		};
		6A2A462F2E1153CF004AA3DB /* Frameworks */ = {
			isa = PBXFrameworksBuildPhase;
			buildActionMask = 2147483647;
			files = (
			);
			runOnlyForDeploymentPostprocessing = 0;
		};
/* End PBXFrameworksBuildPhase section */

/* Begin PBXGroup section */
		6A2A46122E1153CE004AA3DB = {
			isa = PBXGroup;
			children = (
				6A2A461D2E1153CE004AA3DB /* TransparentAccountsApp */,
				6A2A462B2E1153CF004AA3DB /* TransparentAccountsAppTests */,
				6A2A46352E1153CF004AA3DB /* TransparentAccountsAppUITests */,
				6A2A461C2E1153CE004AA3DB /* Products */,
			);
			sourceTree = "<group>";
		};
		6A2A461C2E1153CE004AA3DB /* Products */ = {
			isa = PBXGroup;
			children = (
				6A2A461B2E1153CE004AA3DB /* TransparentAccountsApp.app */,
				6A2A46282E1153CF004AA3DB /* TransparentAccountsAppTests.xctest */,
				6A2A46322E1153CF004AA3DB /* TransparentAccountsAppUITests.xctest */,
			);
			name = Products;
			sourceTree = "<group>";
		};
/* End PBXGroup section */

/* Begin PBXNativeTarget section */
		6A2A461A2E1153CE004AA3DB /* TransparentAccountsApp */ = {
			isa = PBXNativeTarget;
			buildConfigurationList = 6A2A463C2E1153CF004AA3DB /* Build configuration list for PBXNativeTarget "TransparentAccountsApp" */;
			buildPhases = (
				6A2A46172E1153CE004AA3DB /* Sources */,
				6A2A46182E1153CE004AA3DB /* Frameworks */,
				6A2A46192E1153CE004AA3DB /* Resources */,
			);
			buildRules = (
			);
			dependencies = (
			);
			fileSystemSynchronizedGroups = (
				6A2A461D2E1153CE004AA3DB /* TransparentAccountsApp */,
			);
			name = TransparentAccountsApp;
			packageProductDependencies = (
			);
			productName = TransparentAccountsApp;
			productReference = 6A2A461B2E1153CE004AA3DB /* TransparentAccountsApp.app */;
			productType = "com.apple.product-type.application";
		};
		6A2A46272E1153CF004AA3DB /* TransparentAccountsAppTests */ = {
			isa = PBXNativeTarget;
			buildConfigurationList = 6A2A463F2E1153CF004AA3DB /* Build configuration list for PBXNativeTarget "TransparentAccountsAppTests" */;
			buildPhases = (
				6A2A46242E1153CF004AA3DB /* Sources */,
				6A2A46252E1153CF004AA3DB /* Frameworks */,
				6A2A46262E1153CF004AA3DB /* Resources */,
			);
			buildRules = (
			);
			dependencies = (
				6A2A462A2E1153CF004AA3DB /* PBXTargetDependency */,
			);
			fileSystemSynchronizedGroups = (
				6A2A462B2E1153CF004AA3DB /* TransparentAccountsAppTests */,
			);
			name = TransparentAccountsAppTests;
			packageProductDependencies = (
			);
			productName = TransparentAccountsAppTests;
			productReference = 6A2A46282E1153CF004AA3DB /* TransparentAccountsAppTests.xctest */;
			productType = "com.apple.product-type.bundle.unit-test";
		};
		6A2A46312E1153CF004AA3DB /* TransparentAccountsAppUITests */ = {
			isa = PBXNativeTarget;
			buildConfigurationList = 6A2A46422E1153CF004AA3DB /* Build configuration list for PBXNativeTarget "TransparentAccountsAppUITests" */;
			buildPhases = (
				6A2A462E2E1153CF004AA3DB /* Sources */,
				6A2A462F2E1153CF004AA3DB /* Frameworks */,
				6A2A46302E1153CF004AA3DB /* Resources */,
			);
			buildRules = (
			);
			dependencies = (
				6A2A46342E1153CF004AA3DB /* PBXTargetDependency */,
			);
			fileSystemSynchronizedGroups = (
				6A2A46352E1153CF004AA3DB /* TransparentAccountsAppUITests */,
			);
			name = TransparentAccountsAppUITests;
			packageProductDependencies = (
			);
			productName = TransparentAccountsAppUITests;
			productReference = 6A2A46322E1153CF004AA3DB /* TransparentAccountsAppUITests.xctest */;
			productType = "com.apple.product-type.bundle.ui-testing";
		};
/* End PBXNativeTarget section */

/* Begin PBXProject section */
		6A2A46132E1153CE004AA3DB /* Project object */ = {
			isa = PBXProject;
			attributes = {
				BuildIndependentTargetsInParallel = 1;
				LastSwiftUpdateCheck = 1640;
				LastUpgradeCheck = 1640;
				TargetAttributes = {
					6A2A461A2E1153CE004AA3DB = {
						CreatedOnToolsVersion = 16.4;
					};
					6A2A46272E1153CF004AA3DB = {
						CreatedOnToolsVersion = 16.4;
						TestTargetID = 6A2A461A2E1153CE004AA3DB;
					};
					6A2A46312E1153CF004AA3DB = {
						CreatedOnToolsVersion = 16.4;
						TestTargetID = 6A2A461A2E1153CE004AA3DB;
					};
				};
			};
			buildConfigurationList = 6A2A46162E1153CE004AA3DB /* Build configuration list for PBXProject "TransparentAccountsApp" */;
			developmentRegion = en;
			hasScannedForEncodings = 0;
			knownRegions = (
				en,
				Base,
			);
			mainGroup = 6A2A46122E1153CE004AA3DB;
			minimizedProjectReferenceProxies = 1;
			preferredProjectObjectVersion = 77;
			productRefGroup = 6A2A461C2E1153CE004AA3DB /* Products */;
			projectDirPath = "";
			projectRoot = "";
			targets = (
				6A2A461A2E1153CE004AA3DB /* TransparentAccountsApp */,
				6A2A46272E1153CF004AA3DB /* TransparentAccountsAppTests */,
				6A2A46312E1153CF004AA3DB /* TransparentAccountsAppUITests */,
			);
		};
/* End PBXProject section */

/* Begin PBXResourcesBuildPhase section */
		6A2A46192E1153CE004AA3DB /* Resources */ = {
			isa = PBXResourcesBuildPhase;
			buildActionMask = 2147483647;
			files = (
			);
			runOnlyForDeploymentPostprocessing = 0;
		};
		6A2A46262E1153CF004AA3DB /* Resources */ = {
			isa = PBXResourcesBuildPhase;
			buildActionMask = 2147483647;
			files = (
			);
			runOnlyForDeploymentPostprocessing = 0;
		};
		6A2A46302E1153CF004AA3DB /* Resources */ = {
			isa = PBXResourcesBuildPhase;
			buildActionMask = 2147483647;
			files = (
			);
			runOnlyForDeploymentPostprocessing = 0;
		};
/* End PBXResourcesBuildPhase section */

/* Begin PBXSourcesBuildPhase section */
		6A2A46172E1153CE004AA3DB /* Sources */ = {
			isa = PBXSourcesBuildPhase;
			buildActionMask = 2147483647;
			files = (
			);
			runOnlyForDeploymentPostprocessing = 0;
		};
		6A2A46242E1153CF004AA3DB /* Sources */ = {
			isa = PBXSourcesBuildPhase;
			buildActionMask = 2147483647;
			files = (
			);
			runOnlyForDeploymentPostprocessing = 0;
		};
		6A2A462E2E1153CF004AA3DB /* Sources */ = {
			isa = PBXSourcesBuildPhase;
			buildActionMask = 2147483647;
			files = (
			);
			runOnlyForDeploymentPostprocessing = 0;
		};
/* End PBXSourcesBuildPhase section */

/* Begin PBXTargetDependency section */
		6A2A462A2E1153CF004AA3DB /* PBXTargetDependency */ = {
			isa = PBXTargetDependency;
			target = 6A2A461A2E1153CE004AA3DB /* TransparentAccountsApp */;
			targetProxy = 6A2A46292E1153CF004AA3DB /* PBXContainerItemProxy */;
		};
		6A2A46342E1153CF004AA3DB /* PBXTargetDependency */ = {
			isa = PBXTargetDependency;
			target = 6A2A461A2E1153CE004AA3DB /* TransparentAccountsApp */;
			targetProxy = 6A2A46332E1153CF004AA3DB /* PBXContainerItemProxy */;
		};
/* End PBXTargetDependency section */

/* Begin XCBuildConfiguration section */
		6A2A463A2E1153CF004AA3DB /* Debug */ = {
			isa = XCBuildConfiguration;
			buildSettings = {
				ALWAYS_SEARCH_USER_PATHS = NO;
				ASSETCATALOG_COMPILER_GENERATE_SWIFT_ASSET_SYMBOL_EXTENSIONS = YES;
				CLANG_ANALYZER_NONNULL = YES;
				CLANG_ANALYZER_NUMBER_OBJECT_CONVERSION = YES_AGGRESSIVE;
				CLANG_CXX_LANGUAGE_STANDARD = "gnu++20";
				CLANG_ENABLE_MODULES = YES;
				CLANG_ENABLE_OBJC_ARC = YES;
				CLANG_ENABLE_OBJC_WEAK = YES;
				CLANG_WARN_BLOCK_CAPTURE_AUTORELEASING = YES;
				CLANG_WARN_BOOL_CONVERSION = YES;
				CLANG_WARN_COMMA = YES;
				CLANG_WARN_CONSTANT_CONVERSION = YES;
				CLANG_WARN_DEPRECATED_OBJC_IMPLEMENTATIONS = YES;
				CLANG_WARN_DIRECT_OBJC_ISA_USAGE = YES_ERROR;
				CLANG_WARN_DOCUMENTATION_COMMENTS = YES;
				CLANG_WARN_EMPTY_BODY = YES;
				CLANG_WARN_ENUM_CONVERSION = YES;
				CLANG_WARN_INFINITE_RECURSION = YES;
				CLANG_WARN_INT_CONVERSION = YES;
				CLANG_WARN_NON_LITERAL_NULL_CONVERSION = YES;
				CLANG_WARN_OBJC_IMPLICIT_RETAIN_SELF = YES;
				CLANG_WARN_OBJC_LITERAL_CONVERSION = YES;
				CLANG_WARN_OBJC_ROOT_CLASS = YES_ERROR;
				CLANG_WARN_QUOTED_INCLUDE_IN_FRAMEWORK_HEADER = YES;
				CLANG_WARN_RANGE_LOOP_ANALYSIS = YES;
				CLANG_WARN_STRICT_PROTOTYPES = YES;
				CLANG_WARN_SUSPICIOUS_MOVE = YES;
				CLANG_WARN_UNGUARDED_AVAILABILITY = YES_AGGRESSIVE;
				CLANG_WARN_UNREACHABLE_CODE = YES;
				CLANG_WARN__DUPLICATE_METHOD_MATCH = YES;
				COPY_PHASE_STRIP = NO;
				DEBUG_INFORMATION_FORMAT = dwarf;
				ENABLE_STRICT_OBJC_MSGSEND = YES;
				ENABLE_TESTABILITY = YES;
				ENABLE_USER_SCRIPT_SANDBOXING = YES;
				GCC_C_LANGUAGE_STANDARD = gnu17;
				GCC_DYNAMIC_NO_PIC = NO;
				GCC_NO_COMMON_BLOCKS = YES;
				GCC_OPTIMIZATION_LEVEL = 0;
				GCC_PREPROCESSOR_DEFINITIONS = (
					"DEBUG=1",
					"$(inherited)",
				);
				GCC_WARN_64_TO_32_BIT_CONVERSION = YES;
				GCC_WARN_ABOUT_RETURN_TYPE = YES_ERROR;
				GCC_WARN_UNDECLARED_SELECTOR = YES;
				GCC_WARN_UNINITIALIZED_AUTOS = YES_AGGRESSIVE;
				GCC_WARN_UNUSED_FUNCTION = YES;
				GCC_WARN_UNUSED_VARIABLE = YES;
				IPHONEOS_DEPLOYMENT_TARGET = 18.5;
				LOCALIZATION_PREFERS_STRING_CATALOGS = YES;
				MTL_ENABLE_DEBUG_INFO = INCLUDE_SOURCE;
				MTL_FAST_MATH = YES;
				ONLY_ACTIVE_ARCH = YES;
				SDKROOT = iphoneos;
				SWIFT_ACTIVE_COMPILATION_CONDITIONS = "DEBUG $(inherited)";
				SWIFT_OPTIMIZATION_LEVEL = "-Onone";
			};
			name = Debug;
		};
		6A2A463B2E1153CF004AA3DB /* Release */ = {
			isa = XCBuildConfiguration;
			buildSettings = {
				ALWAYS_SEARCH_USER_PATHS = NO;
				ASSETCATALOG_COMPILER_GENERATE_SWIFT_ASSET_SYMBOL_EXTENSIONS = YES;
				CLANG_ANALYZER_NONNULL = YES;
				CLANG_ANALYZER_NUMBER_OBJECT_CONVERSION = YES_AGGRESSIVE;
				CLANG_CXX_LANGUAGE_STANDARD = "gnu++20";
				CLANG_ENABLE_MODULES = YES;
				CLANG_ENABLE_OBJC_ARC = YES;
				CLANG_ENABLE_OBJC_WEAK = YES;
				CLANG_WARN_BLOCK_CAPTURE_AUTORELEASING = YES;
				CLANG_WARN_BOOL_CONVERSION = YES;
				CLANG_WARN_COMMA = YES;
				CLANG_WARN_CONSTANT_CONVERSION = YES;
				CLANG_WARN_DEPRECATED_OBJC_IMPLEMENTATIONS = YES;
				CLANG_WARN_DIRECT_OBJC_ISA_USAGE = YES_ERROR;
				CLANG_WARN_DOCUMENTATION_COMMENTS = YES;
				CLANG_WARN_EMPTY_BODY = YES;
				CLANG_WARN_ENUM_CONVERSION = YES;
				CLANG_WARN_INFINITE_RECURSION = YES;
				CLANG_WARN_INT_CONVERSION = YES;
				CLANG_WARN_NON_LITERAL_NULL_CONVERSION = YES;
				CLANG_WARN_OBJC_IMPLICIT_RETAIN_SELF = YES;
				CLANG_WARN_OBJC_LITERAL_CONVERSION = YES;
				CLANG_WARN_OBJC_ROOT_CLASS = YES_ERROR;
				CLANG_WARN_QUOTED_INCLUDE_IN_FRAMEWORK_HEADER = YES;
				CLANG_WARN_RANGE_LOOP_ANALYSIS = YES;
				CLANG_WARN_STRICT_PROTOTYPES = YES;
				CLANG_WARN_SUSPICIOUS_MOVE = YES;
				CLANG_WARN_UNGUARDED_AVAILABILITY = YES_AGGRESSIVE;
				CLANG_WARN_UNREACHABLE_CODE = YES;
				CLANG_WARN__DUPLICATE_METHOD_MATCH = YES;
				COPY_PHASE_STRIP = NO;
				DEBUG_INFORMATION_FORMAT = "dwarf-with-dsym";
				ENABLE_NS_ASSERTIONS = NO;
				ENABLE_STRICT_OBJC_MSGSEND = YES;
				ENABLE_USER_SCRIPT_SANDBOXING = YES;
				GCC_C_LANGUAGE_STANDARD = gnu17;
				GCC_NO_COMMON_BLOCKS = YES;
				GCC_WARN_64_TO_32_BIT_CONVERSION = YES;
				GCC_WARN_ABOUT_RETURN_TYPE = YES_ERROR;
				GCC_WARN_UNDECLARED_SELECTOR = YES;
				GCC_WARN_UNINITIALIZED_AUTOS = YES_AGGRESSIVE;
				GCC_WARN_UNUSED_FUNCTION = YES;
				GCC_WARN_UNUSED_VARIABLE = YES;
				IPHONEOS_DEPLOYMENT_TARGET = 18.5;
				LOCALIZATION_PREFERS_STRING_CATALOGS = YES;
				MTL_ENABLE_DEBUG_INFO = NO;
				MTL_FAST_MATH = YES;
				SDKROOT = iphoneos;
				SWIFT_COMPILATION_MODE = wholemodule;
				VALIDATE_PRODUCT = YES;
			};
			name = Release;
		};
		6A2A463D2E1153CF004AA3DB /* Debug */ = {
			isa = XCBuildConfiguration;
			buildSettings = {
				ASSETCATALOG_COMPILER_APPICON_NAME = AppIcon;
				ASSETCATALOG_COMPILER_GLOBAL_ACCENT_COLOR_NAME = AccentColor;
				CODE_SIGN_STYLE = Automatic;
				CURRENT_PROJECT_VERSION = 1;
				ENABLE_PREVIEWS = YES;
				GENERATE_INFOPLIST_FILE = YES;
				INFOPLIST_KEY_UIApplicationSceneManifest_Generation = YES;
				INFOPLIST_KEY_UIApplicationSupportsIndirectInputEvents = YES;
				INFOPLIST_KEY_UILaunchScreen_Generation = YES;
				INFOPLIST_KEY_UISupportedInterfaceOrientations_iPad = "UIInterfaceOrientationPortrait UIInterfaceOrientationPortraitUpsideDown UIInterfaceOrientationLandscapeLeft UIInterfaceOrientationLandscapeRight";
				INFOPLIST_KEY_UISupportedInterfaceOrientations_iPhone = "UIInterfaceOrientationPortrait UIInterfaceOrientationLandscapeLeft UIInterfaceOrientationLandscapeRight";
				LD_RUNPATH_SEARCH_PATHS = (
					"$(inherited)",
					"@executable_path/Frameworks",
				);
				MARKETING_VERSION = 1.0;
				PRODUCT_BUNDLE_IDENTIFIER = com.mustafos.TransparentAccountsApp;
				PRODUCT_NAME = "$(TARGET_NAME)";
				SWIFT_EMIT_LOC_STRINGS = YES;
				SWIFT_VERSION = 5.0;
				TARGETED_DEVICE_FAMILY = "1,2";
			};
			name = Debug;
		};
		6A2A463E2E1153CF004AA3DB /* Release */ = {
			isa = XCBuildConfiguration;
			buildSettings = {
				ASSETCATALOG_COMPILER_APPICON_NAME = AppIcon;
				ASSETCATALOG_COMPILER_GLOBAL_ACCENT_COLOR_NAME = AccentColor;
				CODE_SIGN_STYLE = Automatic;
				CURRENT_PROJECT_VERSION = 1;
				ENABLE_PREVIEWS = YES;
				GENERATE_INFOPLIST_FILE = YES;
				INFOPLIST_KEY_UIApplicationSceneManifest_Generation = YES;
				INFOPLIST_KEY_UIApplicationSupportsIndirectInputEvents = YES;
				INFOPLIST_KEY_UILaunchScreen_Generation = YES;
				INFOPLIST_KEY_UISupportedInterfaceOrientations_iPad = "UIInterfaceOrientationPortrait UIInterfaceOrientationPortraitUpsideDown UIInterfaceOrientationLandscapeLeft UIInterfaceOrientationLandscapeRight";
				INFOPLIST_KEY_UISupportedInterfaceOrientations_iPhone = "UIInterfaceOrientationPortrait UIInterfaceOrientationLandscapeLeft UIInterfaceOrientationLandscapeRight";
				LD_RUNPATH_SEARCH_PATHS = (
					"$(inherited)",
					"@executable_path/Frameworks",
				);
				MARKETING_VERSION = 1.0;
				PRODUCT_BUNDLE_IDENTIFIER = com.mustafos.TransparentAccountsApp;
				PRODUCT_NAME = "$(TARGET_NAME)";
				SWIFT_EMIT_LOC_STRINGS = YES;
				SWIFT_VERSION = 5.0;
				TARGETED_DEVICE_FAMILY = "1,2";
			};
			name = Release;
		};
		6A2A46402E1153CF004AA3DB /* Debug */ = {
			isa = XCBuildConfiguration;
			buildSettings = {
				BUNDLE_LOADER = "$(TEST_HOST)";
				CODE_SIGN_STYLE = Automatic;
				CURRENT_PROJECT_VERSION = 1;
				GENERATE_INFOPLIST_FILE = YES;
				IPHONEOS_DEPLOYMENT_TARGET = 18.5;
				MARKETING_VERSION = 1.0;
				PRODUCT_BUNDLE_IDENTIFIER = com.mustafos.TransparentAccountsAppTests;
				PRODUCT_NAME = "$(TARGET_NAME)";
				SWIFT_EMIT_LOC_STRINGS = NO;
				SWIFT_VERSION = 5.0;
				TARGETED_DEVICE_FAMILY = "1,2";
				TEST_HOST = "$(BUILT_PRODUCTS_DIR)/TransparentAccountsApp.app/$(BUNDLE_EXECUTABLE_FOLDER_PATH)/TransparentAccountsApp";
			};
			name = Debug;
		};
		6A2A46412E1153CF004AA3DB /* Release */ = {
			isa = XCBuildConfiguration;
			buildSettings = {
				BUNDLE_LOADER = "$(TEST_HOST)";
				CODE_SIGN_STYLE = Automatic;
				CURRENT_PROJECT_VERSION = 1;
				GENERATE_INFOPLIST_FILE = YES;
				IPHONEOS_DEPLOYMENT_TARGET = 18.5;
				MARKETING_VERSION = 1.0;
				PRODUCT_BUNDLE_IDENTIFIER = com.mustafos.TransparentAccountsAppTests;
				PRODUCT_NAME = "$(TARGET_NAME)";
				SWIFT_EMIT_LOC_STRINGS = NO;
				SWIFT_VERSION = 5.0;
				TARGETED_DEVICE_FAMILY = "1,2";
				TEST_HOST = "$(BUILT_PRODUCTS_DIR)/TransparentAccountsApp.app/$(BUNDLE_EXECUTABLE_FOLDER_PATH)/TransparentAccountsApp";
			};
			name = Release;
		};
		6A2A46432E1153CF004AA3DB /* Debug */ = {
			isa = XCBuildConfiguration;
			buildSettings = {
				CODE_SIGN_STYLE = Automatic;
				CURRENT_PROJECT_VERSION = 1;
				GENERATE_INFOPLIST_FILE = YES;
				MARKETING_VERSION = 1.0;
				PRODUCT_BUNDLE_IDENTIFIER = com.mustafos.TransparentAccountsAppUITests;
				PRODUCT_NAME = "$(TARGET_NAME)";
				SWIFT_EMIT_LOC_STRINGS = NO;
				SWIFT_VERSION = 5.0;
				TARGETED_DEVICE_FAMILY = "1,2";
				TEST_TARGET_NAME = TransparentAccountsApp;
			};
			name = Debug;
		};
		6A2A46442E1153CF004AA3DB /* Release */ = {
			isa = XCBuildConfiguration;
			buildSettings = {
				CODE_SIGN_STYLE = Automatic;
				CURRENT_PROJECT_VERSION = 1;
				GENERATE_INFOPLIST_FILE = YES;
				MARKETING_VERSION = 1.0;
				PRODUCT_BUNDLE_IDENTIFIER = com.mustafos.TransparentAccountsAppUITests;
				PRODUCT_NAME = "$(TARGET_NAME)";
				SWIFT_EMIT_LOC_STRINGS = NO;
				SWIFT_VERSION = 5.0;
				TARGETED_DEVICE_FAMILY = "1,2";
				TEST_TARGET_NAME = TransparentAccountsApp;
			};
			name = Release;
		};
/* End XCBuildConfiguration section */

/* Begin XCConfigurationList section */
		6A2A46162E1153CE004AA3DB /* Build configuration list for PBXProject "TransparentAccountsApp" */ = {
			isa = XCConfigurationList;
			buildConfigurations = (
				6A2A463A2E1153CF004AA3DB /* Debug */,
				6A2A463B2E1153CF004AA3DB /* Release */,
			);
			defaultConfigurationIsVisible = 0;
			defaultConfigurationName = Release;
		};
		6A2A463C2E1153CF004AA3DB /* Build configuration list for PBXNativeTarget "TransparentAccountsApp" */ = {
			isa = XCConfigurationList;
			buildConfigurations = (
				6A2A463D2E1153CF004AA3DB /* Debug */,
				6A2A463E2E1153CF004AA3DB /* Release */,
			);
			defaultConfigurationIsVisible = 0;
			defaultConfigurationName = Release;
		};
		6A2A463F2E1153CF004AA3DB /* Build configuration list for PBXNativeTarget "TransparentAccountsAppTests" */ = {
			isa = XCConfigurationList;
			buildConfigurations = (
				6A2A46402E1153CF004AA3DB /* Debug */,
				6A2A46412E1153CF004AA3DB /* Release */,
			);
			defaultConfigurationIsVisible = 0;
			defaultConfigurationName = Release;
		};
		6A2A46422E1153CF004AA3DB /* Build configuration list for PBXNativeTarget "TransparentAccountsAppUITests" */ = {
			isa = XCConfigurationList;
			buildConfigurations = (
				6A2A46432E1153CF004AA3DB /* Debug */,
				6A2A46442E1153CF004AA3DB /* Release */,
			);
			defaultConfigurationIsVisible = 0;
			defaultConfigurationName = Release;
		};
/* End XCConfigurationList section */
	};
	rootObject = 6A2A46132E1153CE004AA3DB /* Project object */;
}
